
Microsoft Visual Studio Solution File, Format Version 12.00
# Visual Studio Version 17
VisualStudioVersion = 17.13.35818.85 d17.13
MinimumVisualStudioVersion = 10.0.40219.1
Project("{FAE04EC0-301F-11D3-BF4B-00C04F79EFBC}") = "MedicalDemo", "MedicalDemo.csproj", "{27102597-08B8-473B-AC82-E2AA21EE56E4}"
EndProject
Global
	GlobalSection(SolutionConfigurationPlatforms) = preSolution
		Debug|Any CPU = Debug|Any CPU
		Release|Any CPU = Release|Any CPU
	EndGlobalSection
	GlobalSection(ProjectConfigurationPlatforms) = postSolution
		{27102597-08B8-473B-AC82-E2AA21EE56E4}.Debug|Any CPU.ActiveCfg = Debug|Any CPU
		{27102597-08B8-473B-AC82-E2AA21EE56E4}.Debug|Any CPU.Build.0 = Debug|Any CPU
		{27102597-08B8-473B-AC82-E2AA21EE56E4}.Release|Any CPU.ActiveCfg = Release|Any CPU
		{27102597-08B8-473B-AC82-E2AA21EE56E4}.Release|Any CPU.Build.0 = Release|Any CPU
	EndGlobalSection
	GlobalSection(SolutionProperties) = preSolution
		HideSolutionNode = FALSE
	EndGlobalSection
	GlobalSection(ExtensibilityGlobals) = postSolution
		SolutionGuid = {1AEE95FF-7510-406A-A5E1-B85E1B37972D}
	EndGlobalSection
EndGlobal
